github.com/reiver/go-arbitrary v0.0.0-20240826225338-5b0908e84236 h1:SrN7tcfD1YQfKRIDxO+Gs5Zc5wttbLl7tUq85DK0ST4=
github.com/reiver/go-arbitrary v0.0.0-20240826225338-5b0908e84236/go.mod h1:g1+Kow7vEx5zz1NxFUe5QZMJlMZMStzNbMoZ4J3C3oY=
github.com/reiver/go-erorr v0.0.0-20240801233437-8cbde6d1fa3f h1:D1QSxKHm8U73XhjsW3SFLkT0zT5pKJi+1KGboMhY1Rk=
github.com/reiver/go-erorr v0.0.0-20240801233437-8cbde6d1fa3f/go.mod h1:F0HbBf+Ak2ZlE8YkDW4Y+KxaUmT0KaaIJK6CXY3cJxE=
github.com/reiver/go-nsid v0.0.0-20250428123030-befee70ebbe4 h1:fwlA2JihIUj5HcbX93sW7y+MSrA+oLacWAg7fvp6wA4=
github.com/reiver/go-nsid v0.0.0-20250428123030-befee70ebbe4/go.mod h1:SKdoFsRm1U68egJyiogBIvirYGhXPqC6BsWDZ7k4tmw=
github.com/reiver/go-strfs v0.0.0-20240825123104-a22d8dfd04d4 h1:+jwuqCDWORvXNDTMa9DQ5dEd9u/jOpj4XqGVG/B5E1w=
github.com/reiver/go-strfs v0.0.0-20240825123104-a22d8dfd04d4/go.mod h1:WH8mfjs3Mpv2+U7cDIuQieN9opUoD4AuwPqn8M8EtKA=
golang.org/x/net v0.39.0 h1:ZCu7HMWDxpXpaiKdhzIfaltL9Lp31x/3fCP11bc6/fY=
golang.org/x/net v0.39.0/go.mod h1:X7NRbYVEA+ewNkCNyJ513WmMdQ3BineSwVtN2zD/d+E=
golang.org/x/text v0.24.0 h1:dd5Bzh4yt5KYA8f9CJHCP4FB4D51c2c6JvN37xJJkJ0=
golang.org/x/text v0.24.0/go.mod h1:L8rBsPeo2pSS+xqN0d5u2ikmjtmoJbDBT1b7nHvFCdU=
